
Microsoft Visual Studio Solution File, Format Version 12.00
# Visual Studio 15
VisualStudioVersion = 15.0.27130.2036
MinimumVisualStudioVersion = 10.0.40219.1
Project("{FAE04EC0-301F-11D3-BF4B-00C04F79EFBC}") = "TangaSIS", "TangaSIS\TangaSIS.csproj", "{62B367E0-4CCD-4941-A845-8B3CDAC9FC3D}"
EndProject
Global
	GlobalSection(SolutionConfigurationPlatforms) = preSolution
		Debug|Any CPU = Debug|Any CPU
		Release|Any CPU = Release|Any CPU
	EndGlobalSection
	GlobalSection(ProjectConfigurationPlatforms) = postSolution
		{62B367E0-4CCD-4941-A845-8B3CDAC9FC3D}.Debug|Any CPU.ActiveCfg = Debug|Any CPU
		{62B367E0-4CCD-4941-A845-8B3CDAC9FC3D}.Debug|Any CPU.Build.0 = Debug|Any CPU
		{62B367E0-4CCD-4941-A845-8B3CDAC9FC3D}.Release|Any CPU.ActiveCfg = Release|Any CPU
		{62B367E0-4CCD-4941-A845-8B3CDAC9FC3D}.Release|Any CPU.Build.0 = Release|Any CPU
	EndGlobalSection
	GlobalSection(SolutionProperties) = preSolution
		HideSolutionNode = FALSE
	EndGlobalSection
	GlobalSection(ExtensibilityGlobals) = postSolution
		SolutionGuid = {50F520A0-A270-489C-A9B9-071B3D3C261D}
	EndGlobalSection
EndGlobal
